
Microsoft Visual Studio Solution File, Format Version 12.00
# Visual Studio 15
VisualStudioVersion = 15.0.28307.136
MinimumVisualStudioVersion = 10.0.40219.1
Project("{FAE04EC0-301F-11D3-BF4B-00C04F79EFBC}") = "MoverSharp", "MoverSharp\MoverSharp.csproj", "{6816D3D7-4E11-4D33-8648-05587DB3FB10}"
EndProject
Global
	GlobalSection(SolutionConfigurationPlatforms) = preSolution
		Debug|Any CPU = Debug|Any CPU
		Release|Any CPU = Release|Any CPU
	EndGlobalSection
	GlobalSection(ProjectConfigurationPlatforms) = postSolution
		{6816D3D7-4E11-4D33-8648-05587DB3FB10}.Debug|Any CPU.ActiveCfg = Debug|Any CPU
		{6816D3D7-4E11-4D33-8648-05587DB3FB10}.Debug|Any CPU.Build.0 = Debug|Any CPU
		{6816D3D7-4E11-4D33-8648-05587DB3FB10}.Release|Any CPU.ActiveCfg = Release|Any CPU
		{6816D3D7-4E11-4D33-8648-05587DB3FB10}.Release|Any CPU.Build.0 = Release|Any CPU
	EndGlobalSection
	GlobalSection(SolutionProperties) = preSolution
		HideSolutionNode = FALSE
	EndGlobalSection
	GlobalSection(ExtensibilityGlobals) = postSolution
		SolutionGuid = {ABCEC74E-F65A-45E4-92B5-4E288446BFCB}
	EndGlobalSection
EndGlobal
